
Microsoft Visual Studio Solution File, Format Version 12.00
# Visual Studio Version 17
VisualStudioVersion = 17.8.34330.188
MinimumVisualStudioVersion = 10.0.40219.1
Project("{9A19103F-16F7-4668-BE54-9A1E7A4F7556}") = "MasterclassApiTest", "MasterclassApiTest\MasterclassApiTest.csproj", "{C5D03EBD-35F7-430D-A20A-6EA666FDDF09}"
EndProject
Project("{9A19103F-16F7-4668-BE54-9A1E7A4F7556}") = "MasterclassApiUnitTests", "MasterclassApiXUnit\MasterclassApiUnitTests.csproj", "{2284C9B3-D64C-4B14-A71C-F2C3C5C39C2A}"
EndProject
Project("{9A19103F-16F7-4668-BE54-9A1E7A4F7556}") = "MasterclassMVC", "MasterclassMVC\MasterclassMVC.csproj", "{D3BC3606-FEF9-4037-9757-11D4710174F8}"
EndProject
Project("{9A19103F-16F7-4668-BE54-9A1E7A4F7556}") = "Send", "Send\Send.csproj", "{17577FB3-2659-4BE4-A22A-13267A5626E2}"
EndProject
Project("{9A19103F-16F7-4668-BE54-9A1E7A4F7556}") = "Receive", "Receive\Receive.csproj", "{2F78FA9B-27A1-4D27-B276-D71942877F82}"
EndProject
Project("{9A19103F-16F7-4668-BE54-9A1E7A4F7556}") = "NewTask", "NewTask\NewTask.csproj", "{9DAA033D-C3DD-46E9-900F-F4481AB609D0}"
EndProject
Project("{9A19103F-16F7-4668-BE54-9A1E7A4F7556}") = "Worker", "Worker\Worker.csproj", "{96633CB4-D8B1-463B-B032-50090150B614}"
EndProject
Project("{9A19103F-16F7-4668-BE54-9A1E7A4F7556}") = "ReceiveLogs", "ReceiveLogs\ReceiveLogs.csproj", "{7696573A-2369-4E5B-811F-69B92A5DAC9C}"
EndProject
Project("{9A19103F-16F7-4668-BE54-9A1E7A4F7556}") = "EmitLog", "EmitLog\EmitLog.csproj", "{4C8BD0D4-9B96-47C9-AA4C-A5270A2F5A1A}"
EndProject
Project("{9A19103F-16F7-4668-BE54-9A1E7A4F7556}") = "ReceiveLogsDirect", "ReceiveLogsDirect\ReceiveLogsDirect.csproj", "{7F4416F2-E208-4BD3-838A-8AC06CCB3896}"
EndProject
Project("{9A19103F-16F7-4668-BE54-9A1E7A4F7556}") = "EmitLogsDirect", "EmitLogsDirect\EmitLogsDirect.csproj", "{63B661A5-52C5-4222-B1C6-73AC5D8C050B}"
EndProject
Global
	GlobalSection(SolutionConfigurationPlatforms) = preSolution
		Debug|Any CPU = Debug|Any CPU
		Release|Any CPU = Release|Any CPU
	EndGlobalSection
	GlobalSection(ProjectConfigurationPlatforms) = postSolution
		{C5D03EBD-35F7-430D-A20A-6EA666FDDF09}.Debug|Any CPU.ActiveCfg = Debug|Any CPU
		{C5D03EBD-35F7-430D-A20A-6EA666FDDF09}.Debug|Any CPU.Build.0 = Debug|Any CPU
		{C5D03EBD-35F7-430D-A20A-6EA666FDDF09}.Release|Any CPU.ActiveCfg = Release|Any CPU
		{C5D03EBD-35F7-430D-A20A-6EA666FDDF09}.Release|Any CPU.Build.0 = Release|Any CPU
		{2284C9B3-D64C-4B14-A71C-F2C3C5C39C2A}.Debug|Any CPU.ActiveCfg = Debug|Any CPU
		{2284C9B3-D64C-4B14-A71C-F2C3C5C39C2A}.Debug|Any CPU.Build.0 = Debug|Any CPU
		{2284C9B3-D64C-4B14-A71C-F2C3C5C39C2A}.Release|Any CPU.ActiveCfg = Release|Any CPU
		{2284C9B3-D64C-4B14-A71C-F2C3C5C39C2A}.Release|Any CPU.Build.0 = Release|Any CPU
		{D3BC3606-FEF9-4037-9757-11D4710174F8}.Debug|Any CPU.ActiveCfg = Debug|Any CPU
		{D3BC3606-FEF9-4037-9757-11D4710174F8}.Debug|Any CPU.Build.0 = Debug|Any CPU
		{D3BC3606-FEF9-4037-9757-11D4710174F8}.Release|Any CPU.ActiveCfg = Release|Any CPU
		{D3BC3606-FEF9-4037-9757-11D4710174F8}.Release|Any CPU.Build.0 = Release|Any CPU
		{17577FB3-2659-4BE4-A22A-13267A5626E2}.Debug|Any CPU.ActiveCfg = Debug|Any CPU
		{17577FB3-2659-4BE4-A22A-13267A5626E2}.Debug|Any CPU.Build.0 = Debug|Any CPU
		{17577FB3-2659-4BE4-A22A-13267A5626E2}.Release|Any CPU.ActiveCfg = Release|Any CPU
		{17577FB3-2659-4BE4-A22A-13267A5626E2}.Release|Any CPU.Build.0 = Release|Any CPU
		{2F78FA9B-27A1-4D27-B276-D71942877F82}.Debug|Any CPU.ActiveCfg = Debug|Any CPU
		{2F78FA9B-27A1-4D27-B276-D71942877F82}.Debug|Any CPU.Build.0 = Debug|Any CPU
		{2F78FA9B-27A1-4D27-B276-D71942877F82}.Release|Any CPU.ActiveCfg = Release|Any CPU
		{2F78FA9B-27A1-4D27-B276-D71942877F82}.Release|Any CPU.Build.0 = Release|Any CPU
		{9DAA033D-C3DD-46E9-900F-F4481AB609D0}.Debug|Any CPU.ActiveCfg = Debug|Any CPU
		{9DAA033D-C3DD-46E9-900F-F4481AB609D0}.Debug|Any CPU.Build.0 = Debug|Any CPU
		{9DAA033D-C3DD-46E9-900F-F4481AB609D0}.Release|Any CPU.ActiveCfg = Release|Any CPU
		{9DAA033D-C3DD-46E9-900F-F4481AB609D0}.Release|Any CPU.Build.0 = Release|Any CPU
		{96633CB4-D8B1-463B-B032-50090150B614}.Debug|Any CPU.ActiveCfg = Debug|Any CPU
		{96633CB4-D8B1-463B-B032-50090150B614}.Debug|Any CPU.Build.0 = Debug|Any CPU
		{96633CB4-D8B1-463B-B032-50090150B614}.Release|Any CPU.ActiveCfg = Release|Any CPU
		{96633CB4-D8B1-463B-B032-50090150B614}.Release|Any CPU.Build.0 = Release|Any CPU
		{7696573A-2369-4E5B-811F-69B92A5DAC9C}.Debug|Any CPU.ActiveCfg = Debug|Any CPU
		{7696573A-2369-4E5B-811F-69B92A5DAC9C}.Debug|Any CPU.Build.0 = Debug|Any CPU
		{7696573A-2369-4E5B-811F-69B92A5DAC9C}.Release|Any CPU.ActiveCfg = Release|Any CPU
		{7696573A-2369-4E5B-811F-69B92A5DAC9C}.Release|Any CPU.Build.0 = Release|Any CPU
		{4C8BD0D4-9B96-47C9-AA4C-A5270A2F5A1A}.Debug|Any CPU.ActiveCfg = Debug|Any CPU
		{4C8BD0D4-9B96-47C9-AA4C-A5270A2F5A1A}.Debug|Any CPU.Build.0 = Debug|Any CPU
		{4C8BD0D4-9B96-47C9-AA4C-A5270A2F5A1A}.Release|Any CPU.ActiveCfg = Release|Any CPU
		{4C8BD0D4-9B96-47C9-AA4C-A5270A2F5A1A}.Release|Any CPU.Build.0 = Release|Any CPU
		{7F4416F2-E208-4BD3-838A-8AC06CCB3896}.Debug|Any CPU.ActiveCfg = Debug|Any CPU
		{7F4416F2-E208-4BD3-838A-8AC06CCB3896}.Debug|Any CPU.Build.0 = Debug|Any CPU
		{7F4416F2-E208-4BD3-838A-8AC06CCB3896}.Release|Any CPU.ActiveCfg = Release|Any CPU
		{7F4416F2-E208-4BD3-838A-8AC06CCB3896}.Release|Any CPU.Build.0 = Release|Any CPU
		{63B661A5-52C5-4222-B1C6-73AC5D8C050B}.Debug|Any CPU.ActiveCfg = Debug|Any CPU
		{63B661A5-52C5-4222-B1C6-73AC5D8C050B}.Debug|Any CPU.Build.0 = Debug|Any CPU
		{63B661A5-52C5-4222-B1C6-73AC5D8C050B}.Release|Any CPU.ActiveCfg = Release|Any CPU
		{63B661A5-52C5-4222-B1C6-73AC5D8C050B}.Release|Any CPU.Build.0 = Release|Any CPU
	EndGlobalSection
	GlobalSection(SolutionProperties) = preSolution
		HideSolutionNode = FALSE
	EndGlobalSection
	GlobalSection(ExtensibilityGlobals) = postSolution
		SolutionGuid = {36695985-1DBC-4BB1-8337-354F0B1E4B0B}
	EndGlobalSection
EndGlobal
