
Microsoft Visual Studio Solution File, Format Version 12.00
# Visual Studio Version 17
VisualStudioVersion = 17.8.34330.188
MinimumVisualStudioVersion = 10.0.40219.1
Project("{9A19103F-16F7-4668-BE54-9A1E7A4F7556}") = "MasterclassApiTest", "MasterclassApiTest\MasterclassApiTest.csproj", "{C5D03EBD-35F7-430D-A20A-6EA666FDDF09}"
EndProject
Project("{9A19103F-16F7-4668-BE54-9A1E7A4F7556}") = "MasterclassApiUnitTests", "MasterclassApiXUnit\MasterclassApiUnitTests.csproj", "{2284C9B3-D64C-4B14-A71C-F2C3C5C39C2A}"
EndProject
Project("{9A19103F-16F7-4668-BE54-9A1E7A4F7556}") = "MasterclassApiIntegrationTests", "MasterclassApiIntegrationTests\MasterclassApiIntegrationTests.csproj", "{0D68A037-466C-44B3-B319-2A82A95FC98C}"
EndProject
Project("{9A19103F-16F7-4668-BE54-9A1E7A4F7556}") = "MasterclassMVC", "MasterclassMVC\MasterclassMVC.csproj", "{D3BC3606-FEF9-4037-9757-11D4710174F8}"
EndProject
Project("{9A19103F-16F7-4668-BE54-9A1E7A4F7556}") = "MasterclassApiSpecflow", "MasterclassApiSpecflow\MasterclassApiSpecflow.csproj", "{B028605E-D8D6-4F98-98E2-3198F41B8C00}"
EndProject
Global
	GlobalSection(SolutionConfigurationPlatforms) = preSolution
		Debug|Any CPU = Debug|Any CPU
		Release|Any CPU = Release|Any CPU
	EndGlobalSection
	GlobalSection(ProjectConfigurationPlatforms) = postSolution
		{C5D03EBD-35F7-430D-A20A-6EA666FDDF09}.Debug|Any CPU.ActiveCfg = Debug|Any CPU
		{C5D03EBD-35F7-430D-A20A-6EA666FDDF09}.Debug|Any CPU.Build.0 = Debug|Any CPU
		{C5D03EBD-35F7-430D-A20A-6EA666FDDF09}.Release|Any CPU.ActiveCfg = Release|Any CPU
		{C5D03EBD-35F7-430D-A20A-6EA666FDDF09}.Release|Any CPU.Build.0 = Release|Any CPU
		{2284C9B3-D64C-4B14-A71C-F2C3C5C39C2A}.Debug|Any CPU.ActiveCfg = Debug|Any CPU
		{2284C9B3-D64C-4B14-A71C-F2C3C5C39C2A}.Debug|Any CPU.Build.0 = Debug|Any CPU
		{2284C9B3-D64C-4B14-A71C-F2C3C5C39C2A}.Release|Any CPU.ActiveCfg = Release|Any CPU
		{2284C9B3-D64C-4B14-A71C-F2C3C5C39C2A}.Release|Any CPU.Build.0 = Release|Any CPU
		{0D68A037-466C-44B3-B319-2A82A95FC98C}.Debug|Any CPU.ActiveCfg = Debug|Any CPU
		{0D68A037-466C-44B3-B319-2A82A95FC98C}.Debug|Any CPU.Build.0 = Debug|Any CPU
		{0D68A037-466C-44B3-B319-2A82A95FC98C}.Release|Any CPU.ActiveCfg = Release|Any CPU
		{0D68A037-466C-44B3-B319-2A82A95FC98C}.Release|Any CPU.Build.0 = Release|Any CPU
		{D3BC3606-FEF9-4037-9757-11D4710174F8}.Debug|Any CPU.ActiveCfg = Debug|Any CPU
		{D3BC3606-FEF9-4037-9757-11D4710174F8}.Debug|Any CPU.Build.0 = Debug|Any CPU
		{D3BC3606-FEF9-4037-9757-11D4710174F8}.Release|Any CPU.ActiveCfg = Release|Any CPU
		{D3BC3606-FEF9-4037-9757-11D4710174F8}.Release|Any CPU.Build.0 = Release|Any CPU
		{B028605E-D8D6-4F98-98E2-3198F41B8C00}.Debug|Any CPU.ActiveCfg = Debug|Any CPU
		{B028605E-D8D6-4F98-98E2-3198F41B8C00}.Debug|Any CPU.Build.0 = Debug|Any CPU
		{B028605E-D8D6-4F98-98E2-3198F41B8C00}.Release|Any CPU.ActiveCfg = Release|Any CPU
		{B028605E-D8D6-4F98-98E2-3198F41B8C00}.Release|Any CPU.Build.0 = Release|Any CPU
	EndGlobalSection
	GlobalSection(SolutionProperties) = preSolution
		HideSolutionNode = FALSE
	EndGlobalSection
	GlobalSection(ExtensibilityGlobals) = postSolution
		SolutionGuid = {36695985-1DBC-4BB1-8337-354F0B1E4B0B}
	EndGlobalSection
EndGlobal
